
Microsoft Visual Studio Solution File, Format Version 9.00
# Visual Studio 2005
Project("{FAE04EC0-301F-11D3-BF4B-00C04F79EFBC}") = "BarcodeGenerator", "BarcodeGenerator\BarcodeGenerator.csproj", "{3B89181E-1469-4696-BDD6-A1235682D1EF}"
	ProjectSection(WebsiteProperties) = preProject
		Debug.AspNetCompiler.Debug = "True"
		Release.AspNetCompiler.Debug = "False"
	EndProjectSection
EndProject
Global
	GlobalSection(SolutionConfigurationPlatforms) = preSolution
		Debug|Any CPU = Debug|Any CPU
		Release|Any CPU = Release|Any CPU
	EndGlobalSection
	GlobalSection(ProjectConfigurationPlatforms) = postSolution
		{3B89181E-1469-4696-BDD6-A1235682D1EF}.Debug|Any CPU.ActiveCfg = Debug|Any CPU
		{3B89181E-1469-4696-BDD6-A1235682D1EF}.Debug|Any CPU.Build.0 = Debug|Any CPU
		{3B89181E-1469-4696-BDD6-A1235682D1EF}.Release|Any CPU.ActiveCfg = Release|Any CPU
		{3B89181E-1469-4696-BDD6-A1235682D1EF}.Release|Any CPU.Build.0 = Release|Any CPU
	EndGlobalSection
	GlobalSection(SolutionProperties) = preSolution
		HideSolutionNode = FALSE
	EndGlobalSection
EndGlobal
